
Microsoft Visual Studio Solution File, Format Version 12.00
# Visual Studio Version 16
VisualStudioVersion = 16.0.29403.142
MinimumVisualStudioVersion = 10.0.40219.1
Project("{FAE04EC0-301F-11D3-BF4B-00C04F79EFBC}") = "escalonador-aed", "escalonador-aed\escalonador-aed.csproj", "{A8C7AE86-D839-42A4-8269-4C87C5B5281D}"
EndProject
Global
	GlobalSection(SolutionConfigurationPlatforms) = preSolution
		Debug|Any CPU = Debug|Any CPU
		Release|Any CPU = Release|Any CPU
	EndGlobalSection
	GlobalSection(ProjectConfigurationPlatforms) = postSolution
		{A8C7AE86-D839-42A4-8269-4C87C5B5281D}.Debug|Any CPU.ActiveCfg = Debug|Any CPU
		{A8C7AE86-D839-42A4-8269-4C87C5B5281D}.Debug|Any CPU.Build.0 = Debug|Any CPU
		{A8C7AE86-D839-42A4-8269-4C87C5B5281D}.Release|Any CPU.ActiveCfg = Release|Any CPU
		{A8C7AE86-D839-42A4-8269-4C87C5B5281D}.Release|Any CPU.Build.0 = Release|Any CPU
	EndGlobalSection
	GlobalSection(SolutionProperties) = preSolution
		HideSolutionNode = FALSE
	EndGlobalSection
	GlobalSection(ExtensibilityGlobals) = postSolution
		SolutionGuid = {449D7BA2-4153-4822-A374-9341BB3D0B18}
	EndGlobalSection
EndGlobal
